
Microsoft Visual Studio Solution File, Format Version 12.00
# Visual Studio Version 16
VisualStudioVersion = 16.0.31410.357
MinimumVisualStudioVersion = 10.0.40219.1
Project("{FAE04EC0-301F-11D3-BF4B-00C04F79EFBC}") = "ByteBank", "ByteBank\ByteBank.csproj", "{FE4C3282-D287-4837-92B7-D87D848515CD}"
EndProject
Global
	GlobalSection(SolutionConfigurationPlatforms) = preSolution
		Debug|Any CPU = Debug|Any CPU
		Release|Any CPU = Release|Any CPU
	EndGlobalSection
	GlobalSection(ProjectConfigurationPlatforms) = postSolution
		{FE4C3282-D287-4837-92B7-D87D848515CD}.Debug|Any CPU.ActiveCfg = Debug|Any CPU
		{FE4C3282-D287-4837-92B7-D87D848515CD}.Debug|Any CPU.Build.0 = Debug|Any CPU
		{FE4C3282-D287-4837-92B7-D87D848515CD}.Release|Any CPU.ActiveCfg = Release|Any CPU
		{FE4C3282-D287-4837-92B7-D87D848515CD}.Release|Any CPU.Build.0 = Release|Any CPU
	EndGlobalSection
	GlobalSection(SolutionProperties) = preSolution
		HideSolutionNode = FALSE
	EndGlobalSection
	GlobalSection(ExtensibilityGlobals) = postSolution
		SolutionGuid = {D8809860-D523-4637-90FB-A5D049C64390}
	EndGlobalSection
EndGlobal
