
Microsoft Visual Studio Solution File, Format Version 12.00
# Visual Studio Version 16
VisualStudioVersion = 16.0.31410.357
MinimumVisualStudioVersion = 10.0.40219.1
Project("{FAE04EC0-301F-11D3-BF4B-00C04F79EFBC}") = "1-PrimeiroPojeto", "1-PrimeiroPojeto\1-PrimeiroPojeto.csproj", "{E0E2D6E2-41A5-4353-85D0-CA4A5989B63A}"
EndProject
Project("{FAE04EC0-301F-11D3-BF4B-00C04F79EFBC}") = "2-CriandoVariaveis", "2-CriandoVariaveis\2-CriandoVariaveis.csproj", "{4D46A35D-2FB8-427F-BD86-A25F7F471843}"
EndProject
Project("{FAE04EC0-301F-11D3-BF4B-00C04F79EFBC}") = "3-CriandoVariavelDouble", "3-CriandoVariavelDouble\3-CriandoVariavelDouble.csproj", "{B02D0DDD-BDB0-4481-9010-81692A002AB6}"
EndProject
Project("{FAE04EC0-301F-11D3-BF4B-00C04F79EFBC}") = "4-ConversoesEOutrosTiposnNumericos", "4-ConversoesEOutrosTiposnNumericos\4-ConversoesEOutrosTiposnNumericos.csproj", "{B8D835B7-B5DD-4649-99F0-8DFCC87C2C75}"
EndProject
Global
	GlobalSection(SolutionConfigurationPlatforms) = preSolution
		Debug|Any CPU = Debug|Any CPU
		Release|Any CPU = Release|Any CPU
	EndGlobalSection
	GlobalSection(ProjectConfigurationPlatforms) = postSolution
		{E0E2D6E2-41A5-4353-85D0-CA4A5989B63A}.Debug|Any CPU.ActiveCfg = Debug|Any CPU
		{E0E2D6E2-41A5-4353-85D0-CA4A5989B63A}.Debug|Any CPU.Build.0 = Debug|Any CPU
		{E0E2D6E2-41A5-4353-85D0-CA4A5989B63A}.Release|Any CPU.ActiveCfg = Release|Any CPU
		{E0E2D6E2-41A5-4353-85D0-CA4A5989B63A}.Release|Any CPU.Build.0 = Release|Any CPU
		{4D46A35D-2FB8-427F-BD86-A25F7F471843}.Debug|Any CPU.ActiveCfg = Debug|Any CPU
		{4D46A35D-2FB8-427F-BD86-A25F7F471843}.Debug|Any CPU.Build.0 = Debug|Any CPU
		{4D46A35D-2FB8-427F-BD86-A25F7F471843}.Release|Any CPU.ActiveCfg = Release|Any CPU
		{4D46A35D-2FB8-427F-BD86-A25F7F471843}.Release|Any CPU.Build.0 = Release|Any CPU
		{B02D0DDD-BDB0-4481-9010-81692A002AB6}.Debug|Any CPU.ActiveCfg = Debug|Any CPU
		{B02D0DDD-BDB0-4481-9010-81692A002AB6}.Debug|Any CPU.Build.0 = Debug|Any CPU
		{B02D0DDD-BDB0-4481-9010-81692A002AB6}.Release|Any CPU.ActiveCfg = Release|Any CPU
		{B02D0DDD-BDB0-4481-9010-81692A002AB6}.Release|Any CPU.Build.0 = Release|Any CPU
		{B8D835B7-B5DD-4649-99F0-8DFCC87C2C75}.Debug|Any CPU.ActiveCfg = Debug|Any CPU
		{B8D835B7-B5DD-4649-99F0-8DFCC87C2C75}.Debug|Any CPU.Build.0 = Debug|Any CPU
		{B8D835B7-B5DD-4649-99F0-8DFCC87C2C75}.Release|Any CPU.ActiveCfg = Release|Any CPU
		{B8D835B7-B5DD-4649-99F0-8DFCC87C2C75}.Release|Any CPU.Build.0 = Release|Any CPU
	EndGlobalSection
	GlobalSection(SolutionProperties) = preSolution
		HideSolutionNode = FALSE
	EndGlobalSection
	GlobalSection(ExtensibilityGlobals) = postSolution
		SolutionGuid = {9ECEF4E3-0DD2-41D5-B603-C23B0768B1C4}
	EndGlobalSection
EndGlobal
