
Microsoft Visual Studio Solution File, Format Version 12.00
# Visual Studio Version 16
VisualStudioVersion = 16.0.31410.357
MinimumVisualStudioVersion = 10.0.40219.1
Project("{FAE04EC0-301F-11D3-BF4B-00C04F79EFBC}") = "CollectionsParteUm", "CollectionsParteUm\CollectionsParteUm.csproj", "{D7330A0F-B186-4E41-A6AB-703F8A40562F}"
EndProject
Project("{9A19103F-16F7-4668-BE54-9A1E7A4F7556}") = "ModuloDoisList", "ModuloDoisList\ModuloDoisList.csproj", "{D340404C-9519-454C-8EC5-105A5FFCED31}"
EndProject
Project("{9A19103F-16F7-4668-BE54-9A1E7A4F7556}") = "ModuloUmArray", "ModuloUmArray\ModuloUmArray.csproj", "{8B83918C-DD98-4409-80CE-6D2E076BD0B1}"
EndProject
Project("{FAE04EC0-301F-11D3-BF4B-00C04F79EFBC}") = "ModuloTresSets", "ModuloTresSets\ModuloTresSets.csproj", "{697A3AA9-6CB2-4AC8-9FEE-BD0010DC67C1}"
EndProject
Project("{FAE04EC0-301F-11D3-BF4B-00C04F79EFBC}") = "ModuloQuatroDicionario", "ModuloQuatroDicionario\ModuloQuatroDicionario.csproj", "{CBAC85CF-4F0B-4B45-BD61-4BE7BD7287D8}"
EndProject
Project("{FAE04EC0-301F-11D3-BF4B-00C04F79EFBC}") = "ModuloCincoLinkedList", "ModuloCincoLinkedListStakQueue\ModuloCincoLinkedList.csproj", "{01AC0B36-B482-4D9B-8A6F-7AC5BDC85DE1}"
EndProject
Project("{FAE04EC0-301F-11D3-BF4B-00C04F79EFBC}") = "ModuloCincoStackLIFO", "ModuloCincoStackLIFO\ModuloCincoStackLIFO.csproj", "{382377E6-D798-4DEF-A9AD-AB0A8727BECF}"
EndProject
Project("{FAE04EC0-301F-11D3-BF4B-00C04F79EFBC}") = "ModuloCincoQueueFIFO", "ModuloCincoQueue\ModuloCincoQueueFIFO.csproj", "{0056F018-C7D5-445F-9980-190DC4C4CFB2}"
EndProject
Global
	GlobalSection(SolutionConfigurationPlatforms) = preSolution
		Debug|Any CPU = Debug|Any CPU
		Release|Any CPU = Release|Any CPU
	EndGlobalSection
	GlobalSection(ProjectConfigurationPlatforms) = postSolution
		{D7330A0F-B186-4E41-A6AB-703F8A40562F}.Debug|Any CPU.ActiveCfg = Debug|Any CPU
		{D7330A0F-B186-4E41-A6AB-703F8A40562F}.Debug|Any CPU.Build.0 = Debug|Any CPU
		{D7330A0F-B186-4E41-A6AB-703F8A40562F}.Release|Any CPU.ActiveCfg = Release|Any CPU
		{D7330A0F-B186-4E41-A6AB-703F8A40562F}.Release|Any CPU.Build.0 = Release|Any CPU
		{D340404C-9519-454C-8EC5-105A5FFCED31}.Debug|Any CPU.ActiveCfg = Debug|Any CPU
		{D340404C-9519-454C-8EC5-105A5FFCED31}.Debug|Any CPU.Build.0 = Debug|Any CPU
		{D340404C-9519-454C-8EC5-105A5FFCED31}.Release|Any CPU.ActiveCfg = Release|Any CPU
		{D340404C-9519-454C-8EC5-105A5FFCED31}.Release|Any CPU.Build.0 = Release|Any CPU
		{8B83918C-DD98-4409-80CE-6D2E076BD0B1}.Debug|Any CPU.ActiveCfg = Debug|Any CPU
		{8B83918C-DD98-4409-80CE-6D2E076BD0B1}.Debug|Any CPU.Build.0 = Debug|Any CPU
		{8B83918C-DD98-4409-80CE-6D2E076BD0B1}.Release|Any CPU.ActiveCfg = Release|Any CPU
		{8B83918C-DD98-4409-80CE-6D2E076BD0B1}.Release|Any CPU.Build.0 = Release|Any CPU
		{697A3AA9-6CB2-4AC8-9FEE-BD0010DC67C1}.Debug|Any CPU.ActiveCfg = Debug|Any CPU
		{697A3AA9-6CB2-4AC8-9FEE-BD0010DC67C1}.Debug|Any CPU.Build.0 = Debug|Any CPU
		{697A3AA9-6CB2-4AC8-9FEE-BD0010DC67C1}.Release|Any CPU.ActiveCfg = Release|Any CPU
		{697A3AA9-6CB2-4AC8-9FEE-BD0010DC67C1}.Release|Any CPU.Build.0 = Release|Any CPU
		{CBAC85CF-4F0B-4B45-BD61-4BE7BD7287D8}.Debug|Any CPU.ActiveCfg = Debug|Any CPU
		{CBAC85CF-4F0B-4B45-BD61-4BE7BD7287D8}.Debug|Any CPU.Build.0 = Debug|Any CPU
		{CBAC85CF-4F0B-4B45-BD61-4BE7BD7287D8}.Release|Any CPU.ActiveCfg = Release|Any CPU
		{CBAC85CF-4F0B-4B45-BD61-4BE7BD7287D8}.Release|Any CPU.Build.0 = Release|Any CPU
		{01AC0B36-B482-4D9B-8A6F-7AC5BDC85DE1}.Debug|Any CPU.ActiveCfg = Debug|Any CPU
		{01AC0B36-B482-4D9B-8A6F-7AC5BDC85DE1}.Debug|Any CPU.Build.0 = Debug|Any CPU
		{01AC0B36-B482-4D9B-8A6F-7AC5BDC85DE1}.Release|Any CPU.ActiveCfg = Release|Any CPU
		{01AC0B36-B482-4D9B-8A6F-7AC5BDC85DE1}.Release|Any CPU.Build.0 = Release|Any CPU
		{382377E6-D798-4DEF-A9AD-AB0A8727BECF}.Debug|Any CPU.ActiveCfg = Debug|Any CPU
		{382377E6-D798-4DEF-A9AD-AB0A8727BECF}.Debug|Any CPU.Build.0 = Debug|Any CPU
		{382377E6-D798-4DEF-A9AD-AB0A8727BECF}.Release|Any CPU.ActiveCfg = Release|Any CPU
		{382377E6-D798-4DEF-A9AD-AB0A8727BECF}.Release|Any CPU.Build.0 = Release|Any CPU
		{0056F018-C7D5-445F-9980-190DC4C4CFB2}.Debug|Any CPU.ActiveCfg = Debug|Any CPU
		{0056F018-C7D5-445F-9980-190DC4C4CFB2}.Debug|Any CPU.Build.0 = Debug|Any CPU
		{0056F018-C7D5-445F-9980-190DC4C4CFB2}.Release|Any CPU.ActiveCfg = Release|Any CPU
		{0056F018-C7D5-445F-9980-190DC4C4CFB2}.Release|Any CPU.Build.0 = Release|Any CPU
	EndGlobalSection
	GlobalSection(SolutionProperties) = preSolution
		HideSolutionNode = FALSE
	EndGlobalSection
	GlobalSection(ExtensibilityGlobals) = postSolution
		SolutionGuid = {FEF30C2A-608B-4E3A-8356-6F0E3C6E102E}
	EndGlobalSection
EndGlobal
